
Microsoft Visual Studio Solution File, Format Version 12.00
# Visual Studio Version 17
VisualStudioVersion = 17.9.34622.214
MinimumVisualStudioVersion = 10.0.40219.1
Project("{9A19103F-16F7-4668-BE54-9A1E7A4F7556}") = "ContosoPizza", "ContosoPizza.csproj", "{20820C39-DA22-4D3A-ABC2-9A84D223ABBE}"
EndProject
Project("{9A19103F-16F7-4668-BE54-9A1E7A4F7556}") = "CRUD_Demo", "..\CRUD_Demo\CRUD_Demo.csproj", "{1A17B153-21A1-457F-82C7-FDC197707593}"
EndProject
Project("{9A19103F-16F7-4668-BE54-9A1E7A4F7556}") = "EFGetStarted", "..\EFGetStarted\EFGetStarted.csproj", "{093FA1DE-0E7B-4372-83FD-176E0C5D4B47}"
EndProject
Project("{FAE04EC0-301F-11D3-BF4B-00C04F79EFBC}") = "MediaCenters", "..\MediaCenters\MediaCenters.csproj", "{EE4DB853-82A1-4043-892B-305726BDC748}"
EndProject
Global
	GlobalSection(SolutionConfigurationPlatforms) = preSolution
		Debug|Any CPU = Debug|Any CPU
		Release|Any CPU = Release|Any CPU
	EndGlobalSection
	GlobalSection(ProjectConfigurationPlatforms) = postSolution
		{20820C39-DA22-4D3A-ABC2-9A84D223ABBE}.Debug|Any CPU.ActiveCfg = Debug|Any CPU
		{20820C39-DA22-4D3A-ABC2-9A84D223ABBE}.Debug|Any CPU.Build.0 = Debug|Any CPU
		{20820C39-DA22-4D3A-ABC2-9A84D223ABBE}.Release|Any CPU.ActiveCfg = Release|Any CPU
		{20820C39-DA22-4D3A-ABC2-9A84D223ABBE}.Release|Any CPU.Build.0 = Release|Any CPU
		{1A17B153-21A1-457F-82C7-FDC197707593}.Debug|Any CPU.ActiveCfg = Debug|Any CPU
		{1A17B153-21A1-457F-82C7-FDC197707593}.Debug|Any CPU.Build.0 = Debug|Any CPU
		{1A17B153-21A1-457F-82C7-FDC197707593}.Release|Any CPU.ActiveCfg = Release|Any CPU
		{1A17B153-21A1-457F-82C7-FDC197707593}.Release|Any CPU.Build.0 = Release|Any CPU
		{093FA1DE-0E7B-4372-83FD-176E0C5D4B47}.Debug|Any CPU.ActiveCfg = Debug|Any CPU
		{093FA1DE-0E7B-4372-83FD-176E0C5D4B47}.Debug|Any CPU.Build.0 = Debug|Any CPU
		{093FA1DE-0E7B-4372-83FD-176E0C5D4B47}.Release|Any CPU.ActiveCfg = Release|Any CPU
		{093FA1DE-0E7B-4372-83FD-176E0C5D4B47}.Release|Any CPU.Build.0 = Release|Any CPU
		{EE4DB853-82A1-4043-892B-305726BDC748}.Debug|Any CPU.ActiveCfg = Debug|Any CPU
		{EE4DB853-82A1-4043-892B-305726BDC748}.Debug|Any CPU.Build.0 = Debug|Any CPU
		{EE4DB853-82A1-4043-892B-305726BDC748}.Release|Any CPU.ActiveCfg = Release|Any CPU
		{EE4DB853-82A1-4043-892B-305726BDC748}.Release|Any CPU.Build.0 = Release|Any CPU
	EndGlobalSection
	GlobalSection(SolutionProperties) = preSolution
		HideSolutionNode = FALSE
	EndGlobalSection
	GlobalSection(ExtensibilityGlobals) = postSolution
		SolutionGuid = {70052FBE-D8CA-4C03-9228-82048CE3D755}
	EndGlobalSection
EndGlobal
